
Microsoft Visual Studio Solution File, Format Version 12.00
# Visual Studio Version 17
VisualStudioVersion = 17.0.31903.59
MinimumVisualStudioVersion = 10.0.40219.1
Project("{FAE04EC0-301F-11D3-BF4B-00C04F79EFBC}") = "Shared", "shared\Shared.csproj", "{CFD4FA43-D936-4F59-9871-CF8B271142E8}"
EndProject
Project("{2150E333-8FDC-42A3-9474-1A3956D46DE8}") = "src", "src", "{72B912FD-0B6C-479D-B9F6-F70AE5A9D7FA}"
EndProject
Project("{2150E333-8FDC-42A3-9474-1A3956D46DE8}") = "IngestionService", "IngestionService", "{237878C6-8DAE-44D4-977A-3F841BAA312A}"
EndProject
Project("{FAE04EC0-301F-11D3-BF4B-00C04F79EFBC}") = "IngestionService.Api", "src\IngestionService\IngestionService.Api\IngestionService.Api.csproj", "{7B334F72-CE69-4F00-835C-0AC0B494CA1E}"
EndProject
Project("{FAE04EC0-301F-11D3-BF4B-00C04F79EFBC}") = "IngestionService.Application", "src\IngestionService\IngestionService.Application\IngestionService.Application.csproj", "{1CEB6E19-EAA1-4C25-9D80-2B3D26360780}"
EndProject
Project("{FAE04EC0-301F-11D3-BF4B-00C04F79EFBC}") = "IngestionService.Domain", "src\IngestionService\IngestionService.Domain\IngestionService.Domain.csproj", "{99FF56EF-D815-4129-B5C7-28B0E7542F5D}"
EndProject
Project("{FAE04EC0-301F-11D3-BF4B-00C04F79EFBC}") = "IngestionService.Infrastructure", "src\IngestionService\IngestionService.Infrastructure\IngestionService.Infrastructure.csproj", "{1A5C6FC3-0DC3-4591-A440-3C3706D9FDFA}"
EndProject
Project("{2150E333-8FDC-42A3-9474-1A3956D46DE8}") = "OcrService", "OcrService", "{975484C8-8C9D-4138-BE39-DC4A127C88E0}"
EndProject
Project("{FAE04EC0-301F-11D3-BF4B-00C04F79EFBC}") = "OcrService.Api", "src\OcrService\OcrService.Api\OcrService.Api.csproj", "{BAECE18B-19C3-41C3-8AAA-BDB849CCFE3B}"
EndProject
Project("{FAE04EC0-301F-11D3-BF4B-00C04F79EFBC}") = "OcrService.Application", "src\OcrService\OcrService.Application\OcrService.Application.csproj", "{A72BFA97-48FF-4D15-AFA3-25328FB3679E}"
EndProject
Project("{FAE04EC0-301F-11D3-BF4B-00C04F79EFBC}") = "OcrService.Domain", "src\OcrService\OcrService.Domain\OcrService.Domain.csproj", "{CB97ADAE-8FCF-4C7C-96C3-AC19ABF6E90E}"
EndProject
Project("{FAE04EC0-301F-11D3-BF4B-00C04F79EFBC}") = "OcrService.Infrastructure", "src\OcrService\OcrService.Infrastructure\OcrService.Infrastructure.csproj", "{2475604A-BEBC-405C-A538-993C1F8074DA}"
EndProject
Project("{FAE04EC0-301F-11D3-BF4B-00C04F79EFBC}") = "ApiGateway", "src\ApiGateway\ApiGateway.csproj", "{D80342B0-CDB3-46F6-9EBB-1C602C3CB037}"
EndProject
Project("{2150E333-8FDC-42A3-9474-1A3956D46DE8}") = "ClassificationService", "ClassificationService", "{01C6ADFA-C18C-4436-B40C-48604D904BA8}"
EndProject
Project("{FAE04EC0-301F-11D3-BF4B-00C04F79EFBC}") = "ClassificationService.Domain", "src\ClassificationService\ClassificationService.Domain\ClassificationService.Domain.csproj", "{99E629B2-4B97-41B6-BD60-63DAF97D91CD}"
EndProject
Project("{FAE04EC0-301F-11D3-BF4B-00C04F79EFBC}") = "ClassificationService.Application", "src\ClassificationService\ClassificationService.Application\ClassificationService.Application.csproj", "{472C8A81-B7DA-4083-95E0-B09811317ACE}"
EndProject
Project("{FAE04EC0-301F-11D3-BF4B-00C04F79EFBC}") = "ClassificationService.Infrastructure", "src\ClassificationService\ClassificationService.Infrastructure\ClassificationService.Infrastructure.csproj", "{C20592B0-DF2D-4604-A4C7-580C150A8A89}"
EndProject
Project("{FAE04EC0-301F-11D3-BF4B-00C04F79EFBC}") = "ClassificationService.Api", "src\ClassificationService\ClassificationService.Api\ClassificationService.Api.csproj", "{0C280980-7160-4D22-8CC0-3C05A578BA55}"
EndProject
Project("{2150E333-8FDC-42A3-9474-1A3956D46DE8}") = "ExtractionService", "ExtractionService", "{91E1D21E-9C6F-462A-9FFD-36AF03D170C0}"
EndProject
Project("{FAE04EC0-301F-11D3-BF4B-00C04F79EFBC}") = "ExtractionService.Domain", "src\ExtractionService\ExtractionService.Domain\ExtractionService.Domain.csproj", "{101D502B-1363-4D5D-8574-4AA37A7C05C9}"
EndProject
Project("{FAE04EC0-301F-11D3-BF4B-00C04F79EFBC}") = "ExtractionService.Application", "src\ExtractionService\ExtractionService.Application\ExtractionService.Application.csproj", "{DA4C6FD8-248B-4B25-A40F-32029DE74BBF}"
EndProject
Project("{FAE04EC0-301F-11D3-BF4B-00C04F79EFBC}") = "ExtractionService.Infrastructure", "src\ExtractionService\ExtractionService.Infrastructure\ExtractionService.Infrastructure.csproj", "{27F457F0-C40A-4419-93FC-4D489C7A9B6F}"
EndProject
Project("{FAE04EC0-301F-11D3-BF4B-00C04F79EFBC}") = "ExtractionService.Api", "src\ExtractionService\ExtractionService.Api\ExtractionService.Api.csproj", "{E840F6F3-8AE3-42D3-967E-AC542B914688}"
EndProject
Project("{2150E333-8FDC-42A3-9474-1A3956D46DE8}") = "ExportService", "ExportService", "{582CDF6E-1B1C-4CF0-B6DA-AD74FA791D99}"
EndProject
Project("{FAE04EC0-301F-11D3-BF4B-00C04F79EFBC}") = "ExportService.Domain", "src\ExportService\ExportService.Domain\ExportService.Domain.csproj", "{7775A826-3EBB-4588-8576-BC78CADC177E}"
EndProject
Project("{FAE04EC0-301F-11D3-BF4B-00C04F79EFBC}") = "ExportService.Application", "src\ExportService\ExportService.Application\ExportService.Application.csproj", "{C97508DD-44AF-4C30-A1BF-8F2BC010EB96}"
EndProject
Project("{FAE04EC0-301F-11D3-BF4B-00C04F79EFBC}") = "ExportService.Infrastructure", "src\ExportService\ExportService.Infrastructure\ExportService.Infrastructure.csproj", "{8B3AC478-48CC-4921-BD42-9F70B2A0DD49}"
EndProject
Project("{FAE04EC0-301F-11D3-BF4B-00C04F79EFBC}") = "ExportService.Api", "src\ExportService\ExportService.Api\ExportService.Api.csproj", "{824CF705-03A8-461B-9F36-038104CA0391}"
EndProject
Project("{2150E333-8FDC-42A3-9474-1A3956D46DE8}") = "Gateway.Auth", "Gateway.Auth", "{66A91C02-5E31-4F7C-80F7-18F2E59077DF}"
EndProject
Project("{FAE04EC0-301F-11D3-BF4B-00C04F79EFBC}") = "Gateway.Auth.Domain", "src\Gateway.Auth\Gateway.Auth.Domain\Gateway.Auth.Domain.csproj", "{2F1F2D06-EC6A-4504-9602-A5BB6FAC8143}"
EndProject
Project("{FAE04EC0-301F-11D3-BF4B-00C04F79EFBC}") = "Gateway.Auth.Application", "src\Gateway.Auth\Gateway.Auth.Application\Gateway.Auth.Application.csproj", "{90256E99-99D5-4804-B77C-D863601897A2}"
EndProject
Project("{FAE04EC0-301F-11D3-BF4B-00C04F79EFBC}") = "Gateway.Auth.Infrastructure", "src\Gateway.Auth\Gateway.Auth.Infrastructure\Gateway.Auth.Infrastructure.csproj", "{5ED48D2E-C1D2-4ED2-89DB-022E0AA36CEF}"
EndProject
Project("{FAE04EC0-301F-11D3-BF4B-00C04F79EFBC}") = "Gateway.Auth.Api", "src\Gateway.Auth\Gateway.Auth.Api\Gateway.Auth.Api.csproj", "{1D1F5477-01D6-4C68-AEA7-ED5B24864BE3}"
EndProject
Project("{2150E333-8FDC-42A3-9474-1A3956D46DE8}") = "Worker.Orchestrator", "Worker.Orchestrator", "{0D9A2D52-0B16-41B7-B479-2C1EED8C703E}"
EndProject
Project("{FAE04EC0-301F-11D3-BF4B-00C04F79EFBC}") = "Worker.Orchestrator.Domain", "src\Worker.Orchestrator\Worker.Orchestrator.Domain\Worker.Orchestrator.Domain.csproj", "{82AF28CE-53C9-4A62-AB2A-E5E85C28EA6E}"
EndProject
Project("{FAE04EC0-301F-11D3-BF4B-00C04F79EFBC}") = "Worker.Orchestrator.Application", "src\Worker.Orchestrator\Worker.Orchestrator.Application\Worker.Orchestrator.Application.csproj", "{8E2F3DC3-8A1E-4C11-AED3-E8B98927575D}"
EndProject
Project("{FAE04EC0-301F-11D3-BF4B-00C04F79EFBC}") = "Worker.Orchestrator.Infrastructure", "src\Worker.Orchestrator\Worker.Orchestrator.Infrastructure\Worker.Orchestrator.Infrastructure.csproj", "{526A0138-4883-46A6-937F-3E804D9D5451}"
EndProject
Project("{FAE04EC0-301F-11D3-BF4B-00C04F79EFBC}") = "Worker.Orchestrator.Api", "src\Worker.Orchestrator\Worker.Orchestrator.Api\Worker.Orchestrator.Api.csproj", "{227A396B-0392-4C1C-B6F7-57255A30A577}"
EndProject
Project("{2150E333-8FDC-42A3-9474-1A3956D46DE8}") = "ImageProcessorService", "ImageProcessorService", "{B5C07428-1605-4C78-B66A-62BA149C1C02}"
EndProject
Project("{FAE04EC0-301F-11D3-BF4B-00C04F79EFBC}") = "ImageProcessorService.Domain", "src\ImageProcessorService\ImageProcessorService.Domain\ImageProcessorService.Domain.csproj", "{3F0376B4-9A95-4B97-A376-6807742DC3C9}"
EndProject
Project("{FAE04EC0-301F-11D3-BF4B-00C04F79EFBC}") = "ImageProcessorService.Application", "src\ImageProcessorService\ImageProcessorService.Application\ImageProcessorService.Application.csproj", "{9ED2EB4E-7479-4F30-BD7D-E54336CE9485}"
EndProject
Project("{FAE04EC0-301F-11D3-BF4B-00C04F79EFBC}") = "ImageProcessorService.Infrastructure", "src\ImageProcessorService\ImageProcessorService.Infrastructure\ImageProcessorService.Infrastructure.csproj", "{B8673F50-46FD-4750-BE21-1EF71D7D8581}"
EndProject
Project("{FAE04EC0-301F-11D3-BF4B-00C04F79EFBC}") = "ImageProcessorService.Api", "src\ImageProcessorService\ImageProcessorService.Api\ImageProcessorService.Api.csproj", "{5E94F853-A3CC-44A0-91B6-0A1F4CB3244F}"
EndProject
Project("{2150E333-8FDC-42A3-9474-1A3956D46DE8}") = "AutoLearningService", "AutoLearningService", "{464FF745-B0F3-4B94-A31D-A3AB35CA5690}"
EndProject
Project("{FAE04EC0-301F-11D3-BF4B-00C04F79EFBC}") = "AutoLearningService.Domain", "src\AutoLearningService\AutoLearningService.Domain\AutoLearningService.Domain.csproj", "{38EAC2CD-E681-4098-9E27-65D67074FBC3}"
EndProject
Project("{FAE04EC0-301F-11D3-BF4B-00C04F79EFBC}") = "AutoLearningService.Application", "src\AutoLearningService\AutoLearningService.Application\AutoLearningService.Application.csproj", "{05380E9B-91B3-47B4-B70C-EEC8CDC2D4C4}"
EndProject
Project("{FAE04EC0-301F-11D3-BF4B-00C04F79EFBC}") = "AutoLearningService.Infrastructure", "src\AutoLearningService\AutoLearningService.Infrastructure\AutoLearningService.Infrastructure.csproj", "{A4C27412-5625-4BE1-9669-F0A2D1DC184D}"
EndProject
Project("{FAE04EC0-301F-11D3-BF4B-00C04F79EFBC}") = "AutoLearningService.Api", "src\AutoLearningService\AutoLearningService.Api\AutoLearningService.Api.csproj", "{FFD23FFA-DDDC-4FE5-B8BD-5A138587AEDD}"
EndProject
Project("{2150E333-8FDC-42A3-9474-1A3956D46DE8}") = "ScriptExecutionService", "ScriptExecutionService", "{94693DCB-C0F7-46D3-9B6B-B8DEFCBC66C5}"
EndProject
Project("{FAE04EC0-301F-11D3-BF4B-00C04F79EFBC}") = "ScriptExecutionService.Domain", "src\ScriptExecutionService\ScriptExecutionService.Domain\ScriptExecutionService.Domain.csproj", "{C727BFD3-F3E9-4019-9CC6-10891D056625}"
EndProject
Project("{FAE04EC0-301F-11D3-BF4B-00C04F79EFBC}") = "ScriptExecutionService.Application", "src\ScriptExecutionService\ScriptExecutionService.Application\ScriptExecutionService.Application.csproj", "{2F62DBAB-73BA-499A-A64F-98EE6D1EC7E6}"
EndProject
Project("{FAE04EC0-301F-11D3-BF4B-00C04F79EFBC}") = "ScriptExecutionService.Infrastructure", "src\ScriptExecutionService\ScriptExecutionService.Infrastructure\ScriptExecutionService.Infrastructure.csproj", "{BD21074F-FE8B-4E9B-B5A6-6F0C0C097CD4}"
EndProject
Project("{FAE04EC0-301F-11D3-BF4B-00C04F79EFBC}") = "ScriptExecutionService.Api", "src\ScriptExecutionService\ScriptExecutionService.Api\ScriptExecutionService.Api.csproj", "{0FC5CCA0-AC6F-44DF-B350-5BAE1D33687C}"
EndProject
Project("{2150E333-8FDC-42A3-9474-1A3956D46DE8}") = "TimerService", "TimerService", "{66478768-EC35-44C8-9294-3C51D16DC7C6}"
EndProject
Project("{FAE04EC0-301F-11D3-BF4B-00C04F79EFBC}") = "TimerService.Domain", "src\TimerService\TimerService.Domain\TimerService.Domain.csproj", "{88308150-C0C1-4495-9ADD-047C0632FDFB}"
EndProject
Project("{FAE04EC0-301F-11D3-BF4B-00C04F79EFBC}") = "TimerService.Application", "src\TimerService\TimerService.Application\TimerService.Application.csproj", "{23290BE6-B6CB-4531-A17F-9BC2626CC4FF}"
EndProject
Project("{FAE04EC0-301F-11D3-BF4B-00C04F79EFBC}") = "TimerService.Infrastructure", "src\TimerService\TimerService.Infrastructure\TimerService.Infrastructure.csproj", "{EBE9C7EE-B5EA-40F8-BA01-36EE1FB65220}"
EndProject
Project("{FAE04EC0-301F-11D3-BF4B-00C04F79EFBC}") = "TimerService.Api", "src\TimerService\TimerService.Api\TimerService.Api.csproj", "{4979B08B-128F-4122-A44F-FD02F709508A}"
EndProject
Global
	GlobalSection(SolutionConfigurationPlatforms) = preSolution
		Debug|Any CPU = Debug|Any CPU
		Release|Any CPU = Release|Any CPU
	EndGlobalSection
	GlobalSection(SolutionProperties) = preSolution
		HideSolutionNode = FALSE
	EndGlobalSection
	GlobalSection(ProjectConfigurationPlatforms) = postSolution
		{CFD4FA43-D936-4F59-9871-CF8B271142E8}.Debug|Any CPU.ActiveCfg = Debug|Any CPU
		{CFD4FA43-D936-4F59-9871-CF8B271142E8}.Debug|Any CPU.Build.0 = Debug|Any CPU
		{CFD4FA43-D936-4F59-9871-CF8B271142E8}.Release|Any CPU.ActiveCfg = Release|Any CPU
		{CFD4FA43-D936-4F59-9871-CF8B271142E8}.Release|Any CPU.Build.0 = Release|Any CPU
		{7B334F72-CE69-4F00-835C-0AC0B494CA1E}.Debug|Any CPU.ActiveCfg = Debug|Any CPU
		{7B334F72-CE69-4F00-835C-0AC0B494CA1E}.Debug|Any CPU.Build.0 = Debug|Any CPU
		{7B334F72-CE69-4F00-835C-0AC0B494CA1E}.Release|Any CPU.ActiveCfg = Release|Any CPU
		{7B334F72-CE69-4F00-835C-0AC0B494CA1E}.Release|Any CPU.Build.0 = Release|Any CPU
		{1CEB6E19-EAA1-4C25-9D80-2B3D26360780}.Debug|Any CPU.ActiveCfg = Debug|Any CPU
		{1CEB6E19-EAA1-4C25-9D80-2B3D26360780}.Debug|Any CPU.Build.0 = Debug|Any CPU
		{1CEB6E19-EAA1-4C25-9D80-2B3D26360780}.Release|Any CPU.ActiveCfg = Release|Any CPU
		{1CEB6E19-EAA1-4C25-9D80-2B3D26360780}.Release|Any CPU.Build.0 = Release|Any CPU
		{99FF56EF-D815-4129-B5C7-28B0E7542F5D}.Debug|Any CPU.ActiveCfg = Debug|Any CPU
		{99FF56EF-D815-4129-B5C7-28B0E7542F5D}.Debug|Any CPU.Build.0 = Debug|Any CPU
		{99FF56EF-D815-4129-B5C7-28B0E7542F5D}.Release|Any CPU.ActiveCfg = Release|Any CPU
		{99FF56EF-D815-4129-B5C7-28B0E7542F5D}.Release|Any CPU.Build.0 = Release|Any CPU
		{1A5C6FC3-0DC3-4591-A440-3C3706D9FDFA}.Debug|Any CPU.ActiveCfg = Debug|Any CPU
		{1A5C6FC3-0DC3-4591-A440-3C3706D9FDFA}.Debug|Any CPU.Build.0 = Debug|Any CPU
		{1A5C6FC3-0DC3-4591-A440-3C3706D9FDFA}.Release|Any CPU.ActiveCfg = Release|Any CPU
		{1A5C6FC3-0DC3-4591-A440-3C3706D9FDFA}.Release|Any CPU.Build.0 = Release|Any CPU
		{BAECE18B-19C3-41C3-8AAA-BDB849CCFE3B}.Debug|Any CPU.ActiveCfg = Debug|Any CPU
		{BAECE18B-19C3-41C3-8AAA-BDB849CCFE3B}.Debug|Any CPU.Build.0 = Debug|Any CPU
		{BAECE18B-19C3-41C3-8AAA-BDB849CCFE3B}.Release|Any CPU.ActiveCfg = Release|Any CPU
		{BAECE18B-19C3-41C3-8AAA-BDB849CCFE3B}.Release|Any CPU.Build.0 = Release|Any CPU
		{A72BFA97-48FF-4D15-AFA3-25328FB3679E}.Debug|Any CPU.ActiveCfg = Debug|Any CPU
		{A72BFA97-48FF-4D15-AFA3-25328FB3679E}.Debug|Any CPU.Build.0 = Debug|Any CPU
		{A72BFA97-48FF-4D15-AFA3-25328FB3679E}.Release|Any CPU.ActiveCfg = Release|Any CPU
		{A72BFA97-48FF-4D15-AFA3-25328FB3679E}.Release|Any CPU.Build.0 = Release|Any CPU
		{CB97ADAE-8FCF-4C7C-96C3-AC19ABF6E90E}.Debug|Any CPU.ActiveCfg = Debug|Any CPU
		{CB97ADAE-8FCF-4C7C-96C3-AC19ABF6E90E}.Debug|Any CPU.Build.0 = Debug|Any CPU
		{CB97ADAE-8FCF-4C7C-96C3-AC19ABF6E90E}.Release|Any CPU.ActiveCfg = Release|Any CPU
		{CB97ADAE-8FCF-4C7C-96C3-AC19ABF6E90E}.Release|Any CPU.Build.0 = Release|Any CPU
		{2475604A-BEBC-405C-A538-993C1F8074DA}.Debug|Any CPU.ActiveCfg = Debug|Any CPU
		{2475604A-BEBC-405C-A538-993C1F8074DA}.Debug|Any CPU.Build.0 = Debug|Any CPU
		{2475604A-BEBC-405C-A538-993C1F8074DA}.Release|Any CPU.ActiveCfg = Release|Any CPU
		{2475604A-BEBC-405C-A538-993C1F8074DA}.Release|Any CPU.Build.0 = Release|Any CPU
		{D80342B0-CDB3-46F6-9EBB-1C602C3CB037}.Debug|Any CPU.ActiveCfg = Debug|Any CPU
		{D80342B0-CDB3-46F6-9EBB-1C602C3CB037}.Debug|Any CPU.Build.0 = Debug|Any CPU
		{D80342B0-CDB3-46F6-9EBB-1C602C3CB037}.Release|Any CPU.ActiveCfg = Release|Any CPU
		{D80342B0-CDB3-46F6-9EBB-1C602C3CB037}.Release|Any CPU.Build.0 = Release|Any CPU
		{99E629B2-4B97-41B6-BD60-63DAF97D91CD}.Debug|Any CPU.ActiveCfg = Debug|Any CPU
		{99E629B2-4B97-41B6-BD60-63DAF97D91CD}.Debug|Any CPU.Build.0 = Debug|Any CPU
		{99E629B2-4B97-41B6-BD60-63DAF97D91CD}.Release|Any CPU.ActiveCfg = Release|Any CPU
		{99E629B2-4B97-41B6-BD60-63DAF97D91CD}.Release|Any CPU.Build.0 = Release|Any CPU
		{472C8A81-B7DA-4083-95E0-B09811317ACE}.Debug|Any CPU.ActiveCfg = Debug|Any CPU
		{472C8A81-B7DA-4083-95E0-B09811317ACE}.Debug|Any CPU.Build.0 = Debug|Any CPU
		{472C8A81-B7DA-4083-95E0-B09811317ACE}.Release|Any CPU.ActiveCfg = Release|Any CPU
		{472C8A81-B7DA-4083-95E0-B09811317ACE}.Release|Any CPU.Build.0 = Release|Any CPU
		{C20592B0-DF2D-4604-A4C7-580C150A8A89}.Debug|Any CPU.ActiveCfg = Debug|Any CPU
		{C20592B0-DF2D-4604-A4C7-580C150A8A89}.Debug|Any CPU.Build.0 = Debug|Any CPU
		{C20592B0-DF2D-4604-A4C7-580C150A8A89}.Release|Any CPU.ActiveCfg = Release|Any CPU
		{C20592B0-DF2D-4604-A4C7-580C150A8A89}.Release|Any CPU.Build.0 = Release|Any CPU
		{0C280980-7160-4D22-8CC0-3C05A578BA55}.Debug|Any CPU.ActiveCfg = Debug|Any CPU
		{0C280980-7160-4D22-8CC0-3C05A578BA55}.Debug|Any CPU.Build.0 = Debug|Any CPU
		{0C280980-7160-4D22-8CC0-3C05A578BA55}.Release|Any CPU.ActiveCfg = Release|Any CPU
		{0C280980-7160-4D22-8CC0-3C05A578BA55}.Release|Any CPU.Build.0 = Release|Any CPU
		{101D502B-1363-4D5D-8574-4AA37A7C05C9}.Debug|Any CPU.ActiveCfg = Debug|Any CPU
		{101D502B-1363-4D5D-8574-4AA37A7C05C9}.Debug|Any CPU.Build.0 = Debug|Any CPU
		{101D502B-1363-4D5D-8574-4AA37A7C05C9}.Release|Any CPU.ActiveCfg = Release|Any CPU
		{101D502B-1363-4D5D-8574-4AA37A7C05C9}.Release|Any CPU.Build.0 = Release|Any CPU
		{DA4C6FD8-248B-4B25-A40F-32029DE74BBF}.Debug|Any CPU.ActiveCfg = Debug|Any CPU
		{DA4C6FD8-248B-4B25-A40F-32029DE74BBF}.Debug|Any CPU.Build.0 = Debug|Any CPU
		{DA4C6FD8-248B-4B25-A40F-32029DE74BBF}.Release|Any CPU.ActiveCfg = Release|Any CPU
		{DA4C6FD8-248B-4B25-A40F-32029DE74BBF}.Release|Any CPU.Build.0 = Release|Any CPU
		{27F457F0-C40A-4419-93FC-4D489C7A9B6F}.Debug|Any CPU.ActiveCfg = Debug|Any CPU
		{27F457F0-C40A-4419-93FC-4D489C7A9B6F}.Debug|Any CPU.Build.0 = Debug|Any CPU
		{27F457F0-C40A-4419-93FC-4D489C7A9B6F}.Release|Any CPU.ActiveCfg = Release|Any CPU
		{27F457F0-C40A-4419-93FC-4D489C7A9B6F}.Release|Any CPU.Build.0 = Release|Any CPU
		{E840F6F3-8AE3-42D3-967E-AC542B914688}.Debug|Any CPU.ActiveCfg = Debug|Any CPU
		{E840F6F3-8AE3-42D3-967E-AC542B914688}.Debug|Any CPU.Build.0 = Debug|Any CPU
		{E840F6F3-8AE3-42D3-967E-AC542B914688}.Release|Any CPU.ActiveCfg = Release|Any CPU
		{E840F6F3-8AE3-42D3-967E-AC542B914688}.Release|Any CPU.Build.0 = Release|Any CPU
		{7775A826-3EBB-4588-8576-BC78CADC177E}.Debug|Any CPU.ActiveCfg = Debug|Any CPU
		{7775A826-3EBB-4588-8576-BC78CADC177E}.Debug|Any CPU.Build.0 = Debug|Any CPU
		{7775A826-3EBB-4588-8576-BC78CADC177E}.Release|Any CPU.ActiveCfg = Release|Any CPU
		{7775A826-3EBB-4588-8576-BC78CADC177E}.Release|Any CPU.Build.0 = Release|Any CPU
		{C97508DD-44AF-4C30-A1BF-8F2BC010EB96}.Debug|Any CPU.ActiveCfg = Debug|Any CPU
		{C97508DD-44AF-4C30-A1BF-8F2BC010EB96}.Debug|Any CPU.Build.0 = Debug|Any CPU
		{C97508DD-44AF-4C30-A1BF-8F2BC010EB96}.Release|Any CPU.ActiveCfg = Release|Any CPU
		{C97508DD-44AF-4C30-A1BF-8F2BC010EB96}.Release|Any CPU.Build.0 = Release|Any CPU
		{8B3AC478-48CC-4921-BD42-9F70B2A0DD49}.Debug|Any CPU.ActiveCfg = Debug|Any CPU
		{8B3AC478-48CC-4921-BD42-9F70B2A0DD49}.Debug|Any CPU.Build.0 = Debug|Any CPU
		{8B3AC478-48CC-4921-BD42-9F70B2A0DD49}.Release|Any CPU.ActiveCfg = Release|Any CPU
		{8B3AC478-48CC-4921-BD42-9F70B2A0DD49}.Release|Any CPU.Build.0 = Release|Any CPU
		{824CF705-03A8-461B-9F36-038104CA0391}.Debug|Any CPU.ActiveCfg = Debug|Any CPU
		{824CF705-03A8-461B-9F36-038104CA0391}.Debug|Any CPU.Build.0 = Debug|Any CPU
		{824CF705-03A8-461B-9F36-038104CA0391}.Release|Any CPU.ActiveCfg = Release|Any CPU
		{824CF705-03A8-461B-9F36-038104CA0391}.Release|Any CPU.Build.0 = Release|Any CPU
		{2F1F2D06-EC6A-4504-9602-A5BB6FAC8143}.Debug|Any CPU.ActiveCfg = Debug|Any CPU
		{2F1F2D06-EC6A-4504-9602-A5BB6FAC8143}.Debug|Any CPU.Build.0 = Debug|Any CPU
		{2F1F2D06-EC6A-4504-9602-A5BB6FAC8143}.Release|Any CPU.ActiveCfg = Release|Any CPU
		{2F1F2D06-EC6A-4504-9602-A5BB6FAC8143}.Release|Any CPU.Build.0 = Release|Any CPU
		{90256E99-99D5-4804-B77C-D863601897A2}.Debug|Any CPU.ActiveCfg = Debug|Any CPU
		{90256E99-99D5-4804-B77C-D863601897A2}.Debug|Any CPU.Build.0 = Debug|Any CPU
		{90256E99-99D5-4804-B77C-D863601897A2}.Release|Any CPU.ActiveCfg = Release|Any CPU
		{90256E99-99D5-4804-B77C-D863601897A2}.Release|Any CPU.Build.0 = Release|Any CPU
		{5ED48D2E-C1D2-4ED2-89DB-022E0AA36CEF}.Debug|Any CPU.ActiveCfg = Debug|Any CPU
		{5ED48D2E-C1D2-4ED2-89DB-022E0AA36CEF}.Debug|Any CPU.Build.0 = Debug|Any CPU
		{5ED48D2E-C1D2-4ED2-89DB-022E0AA36CEF}.Release|Any CPU.ActiveCfg = Release|Any CPU
		{5ED48D2E-C1D2-4ED2-89DB-022E0AA36CEF}.Release|Any CPU.Build.0 = Release|Any CPU
		{1D1F5477-01D6-4C68-AEA7-ED5B24864BE3}.Debug|Any CPU.ActiveCfg = Debug|Any CPU
		{1D1F5477-01D6-4C68-AEA7-ED5B24864BE3}.Debug|Any CPU.Build.0 = Debug|Any CPU
		{1D1F5477-01D6-4C68-AEA7-ED5B24864BE3}.Release|Any CPU.ActiveCfg = Release|Any CPU
		{1D1F5477-01D6-4C68-AEA7-ED5B24864BE3}.Release|Any CPU.Build.0 = Release|Any CPU
		{82AF28CE-53C9-4A62-AB2A-E5E85C28EA6E}.Debug|Any CPU.ActiveCfg = Debug|Any CPU
		{82AF28CE-53C9-4A62-AB2A-E5E85C28EA6E}.Debug|Any CPU.Build.0 = Debug|Any CPU
		{82AF28CE-53C9-4A62-AB2A-E5E85C28EA6E}.Release|Any CPU.ActiveCfg = Release|Any CPU
		{82AF28CE-53C9-4A62-AB2A-E5E85C28EA6E}.Release|Any CPU.Build.0 = Release|Any CPU
		{8E2F3DC3-8A1E-4C11-AED3-E8B98927575D}.Debug|Any CPU.ActiveCfg = Debug|Any CPU
		{8E2F3DC3-8A1E-4C11-AED3-E8B98927575D}.Debug|Any CPU.Build.0 = Debug|Any CPU
		{8E2F3DC3-8A1E-4C11-AED3-E8B98927575D}.Release|Any CPU.ActiveCfg = Release|Any CPU
		{8E2F3DC3-8A1E-4C11-AED3-E8B98927575D}.Release|Any CPU.Build.0 = Release|Any CPU
		{526A0138-4883-46A6-937F-3E804D9D5451}.Debug|Any CPU.ActiveCfg = Debug|Any CPU
		{526A0138-4883-46A6-937F-3E804D9D5451}.Debug|Any CPU.Build.0 = Debug|Any CPU
		{526A0138-4883-46A6-937F-3E804D9D5451}.Release|Any CPU.ActiveCfg = Release|Any CPU
		{526A0138-4883-46A6-937F-3E804D9D5451}.Release|Any CPU.Build.0 = Release|Any CPU
		{227A396B-0392-4C1C-B6F7-57255A30A577}.Debug|Any CPU.ActiveCfg = Debug|Any CPU
		{227A396B-0392-4C1C-B6F7-57255A30A577}.Debug|Any CPU.Build.0 = Debug|Any CPU
		{227A396B-0392-4C1C-B6F7-57255A30A577}.Release|Any CPU.ActiveCfg = Release|Any CPU
		{227A396B-0392-4C1C-B6F7-57255A30A577}.Release|Any CPU.Build.0 = Release|Any CPU
		{3F0376B4-9A95-4B97-A376-6807742DC3C9}.Debug|Any CPU.ActiveCfg = Debug|Any CPU
		{3F0376B4-9A95-4B97-A376-6807742DC3C9}.Debug|Any CPU.Build.0 = Debug|Any CPU
		{3F0376B4-9A95-4B97-A376-6807742DC3C9}.Release|Any CPU.ActiveCfg = Release|Any CPU
		{3F0376B4-9A95-4B97-A376-6807742DC3C9}.Release|Any CPU.Build.0 = Release|Any CPU
		{9ED2EB4E-7479-4F30-BD7D-E54336CE9485}.Debug|Any CPU.ActiveCfg = Debug|Any CPU
		{9ED2EB4E-7479-4F30-BD7D-E54336CE9485}.Debug|Any CPU.Build.0 = Debug|Any CPU
		{9ED2EB4E-7479-4F30-BD7D-E54336CE9485}.Release|Any CPU.ActiveCfg = Release|Any CPU
		{9ED2EB4E-7479-4F30-BD7D-E54336CE9485}.Release|Any CPU.Build.0 = Release|Any CPU
		{B8673F50-46FD-4750-BE21-1EF71D7D8581}.Debug|Any CPU.ActiveCfg = Debug|Any CPU
		{B8673F50-46FD-4750-BE21-1EF71D7D8581}.Debug|Any CPU.Build.0 = Debug|Any CPU
		{B8673F50-46FD-4750-BE21-1EF71D7D8581}.Release|Any CPU.ActiveCfg = Release|Any CPU
		{B8673F50-46FD-4750-BE21-1EF71D7D8581}.Release|Any CPU.Build.0 = Release|Any CPU
		{5E94F853-A3CC-44A0-91B6-0A1F4CB3244F}.Debug|Any CPU.ActiveCfg = Debug|Any CPU
		{5E94F853-A3CC-44A0-91B6-0A1F4CB3244F}.Debug|Any CPU.Build.0 = Debug|Any CPU
		{5E94F853-A3CC-44A0-91B6-0A1F4CB3244F}.Release|Any CPU.ActiveCfg = Release|Any CPU
		{5E94F853-A3CC-44A0-91B6-0A1F4CB3244F}.Release|Any CPU.Build.0 = Release|Any CPU
		{38EAC2CD-E681-4098-9E27-65D67074FBC3}.Debug|Any CPU.ActiveCfg = Debug|Any CPU
		{38EAC2CD-E681-4098-9E27-65D67074FBC3}.Debug|Any CPU.Build.0 = Debug|Any CPU
		{38EAC2CD-E681-4098-9E27-65D67074FBC3}.Release|Any CPU.ActiveCfg = Release|Any CPU
		{38EAC2CD-E681-4098-9E27-65D67074FBC3}.Release|Any CPU.Build.0 = Release|Any CPU
		{05380E9B-91B3-47B4-B70C-EEC8CDC2D4C4}.Debug|Any CPU.ActiveCfg = Debug|Any CPU
		{05380E9B-91B3-47B4-B70C-EEC8CDC2D4C4}.Debug|Any CPU.Build.0 = Debug|Any CPU
		{05380E9B-91B3-47B4-B70C-EEC8CDC2D4C4}.Release|Any CPU.ActiveCfg = Release|Any CPU
		{05380E9B-91B3-47B4-B70C-EEC8CDC2D4C4}.Release|Any CPU.Build.0 = Release|Any CPU
		{A4C27412-5625-4BE1-9669-F0A2D1DC184D}.Debug|Any CPU.ActiveCfg = Debug|Any CPU
		{A4C27412-5625-4BE1-9669-F0A2D1DC184D}.Debug|Any CPU.Build.0 = Debug|Any CPU
		{A4C27412-5625-4BE1-9669-F0A2D1DC184D}.Release|Any CPU.ActiveCfg = Release|Any CPU
		{A4C27412-5625-4BE1-9669-F0A2D1DC184D}.Release|Any CPU.Build.0 = Release|Any CPU
		{FFD23FFA-DDDC-4FE5-B8BD-5A138587AEDD}.Debug|Any CPU.ActiveCfg = Debug|Any CPU
		{FFD23FFA-DDDC-4FE5-B8BD-5A138587AEDD}.Debug|Any CPU.Build.0 = Debug|Any CPU
		{FFD23FFA-DDDC-4FE5-B8BD-5A138587AEDD}.Release|Any CPU.ActiveCfg = Release|Any CPU
		{FFD23FFA-DDDC-4FE5-B8BD-5A138587AEDD}.Release|Any CPU.Build.0 = Release|Any CPU
		{C727BFD3-F3E9-4019-9CC6-10891D056625}.Debug|Any CPU.ActiveCfg = Debug|Any CPU
		{C727BFD3-F3E9-4019-9CC6-10891D056625}.Debug|Any CPU.Build.0 = Debug|Any CPU
		{C727BFD3-F3E9-4019-9CC6-10891D056625}.Release|Any CPU.ActiveCfg = Release|Any CPU
		{C727BFD3-F3E9-4019-9CC6-10891D056625}.Release|Any CPU.Build.0 = Release|Any CPU
		{2F62DBAB-73BA-499A-A64F-98EE6D1EC7E6}.Debug|Any CPU.ActiveCfg = Debug|Any CPU
		{2F62DBAB-73BA-499A-A64F-98EE6D1EC7E6}.Debug|Any CPU.Build.0 = Debug|Any CPU
		{2F62DBAB-73BA-499A-A64F-98EE6D1EC7E6}.Release|Any CPU.ActiveCfg = Release|Any CPU
		{2F62DBAB-73BA-499A-A64F-98EE6D1EC7E6}.Release|Any CPU.Build.0 = Release|Any CPU
		{BD21074F-FE8B-4E9B-B5A6-6F0C0C097CD4}.Debug|Any CPU.ActiveCfg = Debug|Any CPU
		{BD21074F-FE8B-4E9B-B5A6-6F0C0C097CD4}.Debug|Any CPU.Build.0 = Debug|Any CPU
		{BD21074F-FE8B-4E9B-B5A6-6F0C0C097CD4}.Release|Any CPU.ActiveCfg = Release|Any CPU
		{BD21074F-FE8B-4E9B-B5A6-6F0C0C097CD4}.Release|Any CPU.Build.0 = Release|Any CPU
		{0FC5CCA0-AC6F-44DF-B350-5BAE1D33687C}.Debug|Any CPU.ActiveCfg = Debug|Any CPU
		{0FC5CCA0-AC6F-44DF-B350-5BAE1D33687C}.Debug|Any CPU.Build.0 = Debug|Any CPU
		{0FC5CCA0-AC6F-44DF-B350-5BAE1D33687C}.Release|Any CPU.ActiveCfg = Release|Any CPU
		{0FC5CCA0-AC6F-44DF-B350-5BAE1D33687C}.Release|Any CPU.Build.0 = Release|Any CPU
		{88308150-C0C1-4495-9ADD-047C0632FDFB}.Debug|Any CPU.ActiveCfg = Debug|Any CPU
		{88308150-C0C1-4495-9ADD-047C0632FDFB}.Debug|Any CPU.Build.0 = Debug|Any CPU
		{88308150-C0C1-4495-9ADD-047C0632FDFB}.Release|Any CPU.ActiveCfg = Release|Any CPU
		{88308150-C0C1-4495-9ADD-047C0632FDFB}.Release|Any CPU.Build.0 = Release|Any CPU
		{23290BE6-B6CB-4531-A17F-9BC2626CC4FF}.Debug|Any CPU.ActiveCfg = Debug|Any CPU
		{23290BE6-B6CB-4531-A17F-9BC2626CC4FF}.Debug|Any CPU.Build.0 = Debug|Any CPU
		{23290BE6-B6CB-4531-A17F-9BC2626CC4FF}.Release|Any CPU.ActiveCfg = Release|Any CPU
		{23290BE6-B6CB-4531-A17F-9BC2626CC4FF}.Release|Any CPU.Build.0 = Release|Any CPU
		{EBE9C7EE-B5EA-40F8-BA01-36EE1FB65220}.Debug|Any CPU.ActiveCfg = Debug|Any CPU
		{EBE9C7EE-B5EA-40F8-BA01-36EE1FB65220}.Debug|Any CPU.Build.0 = Debug|Any CPU
		{EBE9C7EE-B5EA-40F8-BA01-36EE1FB65220}.Release|Any CPU.ActiveCfg = Release|Any CPU
		{EBE9C7EE-B5EA-40F8-BA01-36EE1FB65220}.Release|Any CPU.Build.0 = Release|Any CPU
		{4979B08B-128F-4122-A44F-FD02F709508A}.Debug|Any CPU.ActiveCfg = Debug|Any CPU
		{4979B08B-128F-4122-A44F-FD02F709508A}.Debug|Any CPU.Build.0 = Debug|Any CPU
		{4979B08B-128F-4122-A44F-FD02F709508A}.Release|Any CPU.ActiveCfg = Release|Any CPU
		{4979B08B-128F-4122-A44F-FD02F709508A}.Release|Any CPU.Build.0 = Release|Any CPU
	EndGlobalSection
	GlobalSection(NestedProjects) = preSolution
		{237878C6-8DAE-44D4-977A-3F841BAA312A} = {72B912FD-0B6C-479D-B9F6-F70AE5A9D7FA}
		{7B334F72-CE69-4F00-835C-0AC0B494CA1E} = {237878C6-8DAE-44D4-977A-3F841BAA312A}
		{1CEB6E19-EAA1-4C25-9D80-2B3D26360780} = {237878C6-8DAE-44D4-977A-3F841BAA312A}
		{99FF56EF-D815-4129-B5C7-28B0E7542F5D} = {237878C6-8DAE-44D4-977A-3F841BAA312A}
		{1A5C6FC3-0DC3-4591-A440-3C3706D9FDFA} = {237878C6-8DAE-44D4-977A-3F841BAA312A}
		{975484C8-8C9D-4138-BE39-DC4A127C88E0} = {72B912FD-0B6C-479D-B9F6-F70AE5A9D7FA}
		{BAECE18B-19C3-41C3-8AAA-BDB849CCFE3B} = {975484C8-8C9D-4138-BE39-DC4A127C88E0}
		{A72BFA97-48FF-4D15-AFA3-25328FB3679E} = {975484C8-8C9D-4138-BE39-DC4A127C88E0}
		{CB97ADAE-8FCF-4C7C-96C3-AC19ABF6E90E} = {975484C8-8C9D-4138-BE39-DC4A127C88E0}
		{2475604A-BEBC-405C-A538-993C1F8074DA} = {975484C8-8C9D-4138-BE39-DC4A127C88E0}
		{D80342B0-CDB3-46F6-9EBB-1C602C3CB037} = {72B912FD-0B6C-479D-B9F6-F70AE5A9D7FA}
		{01C6ADFA-C18C-4436-B40C-48604D904BA8} = {72B912FD-0B6C-479D-B9F6-F70AE5A9D7FA}
		{99E629B2-4B97-41B6-BD60-63DAF97D91CD} = {01C6ADFA-C18C-4436-B40C-48604D904BA8}
		{472C8A81-B7DA-4083-95E0-B09811317ACE} = {01C6ADFA-C18C-4436-B40C-48604D904BA8}
		{C20592B0-DF2D-4604-A4C7-580C150A8A89} = {01C6ADFA-C18C-4436-B40C-48604D904BA8}
		{0C280980-7160-4D22-8CC0-3C05A578BA55} = {01C6ADFA-C18C-4436-B40C-48604D904BA8}
		{91E1D21E-9C6F-462A-9FFD-36AF03D170C0} = {72B912FD-0B6C-479D-B9F6-F70AE5A9D7FA}
		{101D502B-1363-4D5D-8574-4AA37A7C05C9} = {91E1D21E-9C6F-462A-9FFD-36AF03D170C0}
		{DA4C6FD8-248B-4B25-A40F-32029DE74BBF} = {91E1D21E-9C6F-462A-9FFD-36AF03D170C0}
		{27F457F0-C40A-4419-93FC-4D489C7A9B6F} = {91E1D21E-9C6F-462A-9FFD-36AF03D170C0}
		{E840F6F3-8AE3-42D3-967E-AC542B914688} = {91E1D21E-9C6F-462A-9FFD-36AF03D170C0}
		{582CDF6E-1B1C-4CF0-B6DA-AD74FA791D99} = {72B912FD-0B6C-479D-B9F6-F70AE5A9D7FA}
		{7775A826-3EBB-4588-8576-BC78CADC177E} = {582CDF6E-1B1C-4CF0-B6DA-AD74FA791D99}
		{C97508DD-44AF-4C30-A1BF-8F2BC010EB96} = {582CDF6E-1B1C-4CF0-B6DA-AD74FA791D99}
		{8B3AC478-48CC-4921-BD42-9F70B2A0DD49} = {582CDF6E-1B1C-4CF0-B6DA-AD74FA791D99}
		{824CF705-03A8-461B-9F36-038104CA0391} = {582CDF6E-1B1C-4CF0-B6DA-AD74FA791D99}
		{66A91C02-5E31-4F7C-80F7-18F2E59077DF} = {72B912FD-0B6C-479D-B9F6-F70AE5A9D7FA}
		{2F1F2D06-EC6A-4504-9602-A5BB6FAC8143} = {66A91C02-5E31-4F7C-80F7-18F2E59077DF}
		{90256E99-99D5-4804-B77C-D863601897A2} = {66A91C02-5E31-4F7C-80F7-18F2E59077DF}
		{5ED48D2E-C1D2-4ED2-89DB-022E0AA36CEF} = {66A91C02-5E31-4F7C-80F7-18F2E59077DF}
		{1D1F5477-01D6-4C68-AEA7-ED5B24864BE3} = {66A91C02-5E31-4F7C-80F7-18F2E59077DF}
		{0D9A2D52-0B16-41B7-B479-2C1EED8C703E} = {72B912FD-0B6C-479D-B9F6-F70AE5A9D7FA}
		{82AF28CE-53C9-4A62-AB2A-E5E85C28EA6E} = {0D9A2D52-0B16-41B7-B479-2C1EED8C703E}
		{8E2F3DC3-8A1E-4C11-AED3-E8B98927575D} = {0D9A2D52-0B16-41B7-B479-2C1EED8C703E}
		{526A0138-4883-46A6-937F-3E804D9D5451} = {0D9A2D52-0B16-41B7-B479-2C1EED8C703E}
		{227A396B-0392-4C1C-B6F7-57255A30A577} = {0D9A2D52-0B16-41B7-B479-2C1EED8C703E}
		{B5C07428-1605-4C78-B66A-62BA149C1C02} = {72B912FD-0B6C-479D-B9F6-F70AE5A9D7FA}
		{3F0376B4-9A95-4B97-A376-6807742DC3C9} = {B5C07428-1605-4C78-B66A-62BA149C1C02}
		{9ED2EB4E-7479-4F30-BD7D-E54336CE9485} = {B5C07428-1605-4C78-B66A-62BA149C1C02}
		{B8673F50-46FD-4750-BE21-1EF71D7D8581} = {B5C07428-1605-4C78-B66A-62BA149C1C02}
		{5E94F853-A3CC-44A0-91B6-0A1F4CB3244F} = {B5C07428-1605-4C78-B66A-62BA149C1C02}
		{464FF745-B0F3-4B94-A31D-A3AB35CA5690} = {72B912FD-0B6C-479D-B9F6-F70AE5A9D7FA}
		{38EAC2CD-E681-4098-9E27-65D67074FBC3} = {464FF745-B0F3-4B94-A31D-A3AB35CA5690}
		{05380E9B-91B3-47B4-B70C-EEC8CDC2D4C4} = {464FF745-B0F3-4B94-A31D-A3AB35CA5690}
		{A4C27412-5625-4BE1-9669-F0A2D1DC184D} = {464FF745-B0F3-4B94-A31D-A3AB35CA5690}
		{FFD23FFA-DDDC-4FE5-B8BD-5A138587AEDD} = {464FF745-B0F3-4B94-A31D-A3AB35CA5690}
		{94693DCB-C0F7-46D3-9B6B-B8DEFCBC66C5} = {72B912FD-0B6C-479D-B9F6-F70AE5A9D7FA}
		{C727BFD3-F3E9-4019-9CC6-10891D056625} = {94693DCB-C0F7-46D3-9B6B-B8DEFCBC66C5}
		{2F62DBAB-73BA-499A-A64F-98EE6D1EC7E6} = {94693DCB-C0F7-46D3-9B6B-B8DEFCBC66C5}
		{BD21074F-FE8B-4E9B-B5A6-6F0C0C097CD4} = {94693DCB-C0F7-46D3-9B6B-B8DEFCBC66C5}
		{0FC5CCA0-AC6F-44DF-B350-5BAE1D33687C} = {94693DCB-C0F7-46D3-9B6B-B8DEFCBC66C5}
		{66478768-EC35-44C8-9294-3C51D16DC7C6} = {72B912FD-0B6C-479D-B9F6-F70AE5A9D7FA}
		{88308150-C0C1-4495-9ADD-047C0632FDFB} = {66478768-EC35-44C8-9294-3C51D16DC7C6}
		{23290BE6-B6CB-4531-A17F-9BC2626CC4FF} = {66478768-EC35-44C8-9294-3C51D16DC7C6}
		{EBE9C7EE-B5EA-40F8-BA01-36EE1FB65220} = {66478768-EC35-44C8-9294-3C51D16DC7C6}
		{4979B08B-128F-4122-A44F-FD02F709508A} = {66478768-EC35-44C8-9294-3C51D16DC7C6}
	EndGlobalSection
EndGlobal
